
Microsoft Visual Studio Solution File, Format Version 12.00
# Visual Studio Version 16
VisualStudioVersion = 16.0.30711.63
MinimumVisualStudioVersion = 10.0.40219.1
Project("{9A19103F-16F7-4668-BE54-9A1E7A4F7556}") = "WPEngine", "WPEngine\WPEngine.csproj", "{C928D88A-03FC-49BB-BA6D-27682C3A1552}"
EndProject
Project("{FAE04EC0-301F-11D3-BF4B-00C04F79EFBC}") = "OpenTKv2", "..\OpenTKv2\OpenTKv2\OpenTKv2.csproj", "{069EF50A-469C-462A-A0EC-1017CEE1A562}"
EndProject
Global
	GlobalSection(SolutionConfigurationPlatforms) = preSolution
		Debug|Any CPU = Debug|Any CPU
		Release|Any CPU = Release|Any CPU
	EndGlobalSection
	GlobalSection(ProjectConfigurationPlatforms) = postSolution
		{C928D88A-03FC-49BB-BA6D-27682C3A1552}.Debug|Any CPU.ActiveCfg = Debug|Any CPU
		{C928D88A-03FC-49BB-BA6D-27682C3A1552}.Debug|Any CPU.Build.0 = Debug|Any CPU
		{C928D88A-03FC-49BB-BA6D-27682C3A1552}.Release|Any CPU.ActiveCfg = Release|Any CPU
		{C928D88A-03FC-49BB-BA6D-27682C3A1552}.Release|Any CPU.Build.0 = Release|Any CPU
		{069EF50A-469C-462A-A0EC-1017CEE1A562}.Debug|Any CPU.ActiveCfg = Debug|Any CPU
		{069EF50A-469C-462A-A0EC-1017CEE1A562}.Debug|Any CPU.Build.0 = Debug|Any CPU
		{069EF50A-469C-462A-A0EC-1017CEE1A562}.Release|Any CPU.ActiveCfg = Release|Any CPU
		{069EF50A-469C-462A-A0EC-1017CEE1A562}.Release|Any CPU.Build.0 = Release|Any CPU
	EndGlobalSection
	GlobalSection(SolutionProperties) = preSolution
		HideSolutionNode = FALSE
	EndGlobalSection
	GlobalSection(ExtensibilityGlobals) = postSolution
		SolutionGuid = {B710F415-7D08-4C7D-B047-6A47AD9795C7}
	EndGlobalSection
EndGlobal
